
Microsoft Visual Studio Solution File, Format Version 12.00
# Visual Studio Version 17
VisualStudioVersion = 17.4.33213.308
MinimumVisualStudioVersion = 10.0.40219.1
Project("{FAE04EC0-301F-11D3-BF4B-00C04F79EFBC}") = "M6", "M6.csproj", "{92F6B0EF-76C0-4D8B-9851-475D3B647BA0}"
EndProject
Global
	GlobalSection(SolutionConfigurationPlatforms) = preSolution
		Debug|Any CPU = Debug|Any CPU
		Release|Any CPU = Release|Any CPU
	EndGlobalSection
	GlobalSection(ProjectConfigurationPlatforms) = postSolution
		{92F6B0EF-76C0-4D8B-9851-475D3B647BA0}.Debug|Any CPU.ActiveCfg = Debug|Any CPU
		{92F6B0EF-76C0-4D8B-9851-475D3B647BA0}.Debug|Any CPU.Build.0 = Debug|Any CPU
		{92F6B0EF-76C0-4D8B-9851-475D3B647BA0}.Release|Any CPU.ActiveCfg = Release|Any CPU
		{92F6B0EF-76C0-4D8B-9851-475D3B647BA0}.Release|Any CPU.Build.0 = Release|Any CPU
	EndGlobalSection
	GlobalSection(SolutionProperties) = preSolution
		HideSolutionNode = FALSE
	EndGlobalSection
	GlobalSection(ExtensibilityGlobals) = postSolution
		SolutionGuid = {6C59CA53-BC72-4C31-A106-765553421C75}
	EndGlobalSection
EndGlobal
